// !$*UTF8*$!
{
	archiveVersion = 1;
	classes = {
	};
	objectVersion = 56;
	objects = {

/* Begin PBXBuildFile section */
		43A0E8D129B258CC00CBDDE2 /* AppDelegate.swift in Sources */ = {isa = PBXBuildFile; fileRef = 43A0E8D029B258CC00CBDDE2 /* AppDelegate.swift */; };
		43A0E8D329B258CC00CBDDE2 /* SceneDelegate.swift in Sources */ = {isa = PBXBuildFile; fileRef = 43A0E8D229B258CC00CBDDE2 /* SceneDelegate.swift */; };
		43A0E8D529B258CC00CBDDE2 /* Tela01VC.swift in Sources */ = {isa = PBXBuildFile; fileRef = 43A0E8D429B258CC00CBDDE2 /* Tela01VC.swift */; };
		43A0E8D829B258CC00CBDDE2 /* Main.storyboard in Resources */ = {isa = PBXBuildFile; fileRef = 43A0E8D629B258CC00CBDDE2 /* Main.storyboard */; };
		43A0E8DA29B258CE00CBDDE2 /* Assets.xcassets in Resources */ = {isa = PBXBuildFile; fileRef = 43A0E8D929B258CE00CBDDE2 /* Assets.xcassets */; };
		43A0E8E529B25C5C00CBDDE2 /* TabBarController.swift in Sources */ = {isa = PBXBuildFile; fileRef = 43A0E8E429B25C5C00CBDDE2 /* TabBarController.swift */; };
		43A0E8E729B25E8100CBDDE2 /* Tela02VC.swift in Sources */ = {isa = PBXBuildFile; fileRef = 43A0E8E629B25E8100CBDDE2 /* Tela02VC.swift */; };
		43A0E8E929B25E8F00CBDDE2 /* Tela03VC.swift in Sources */ = {isa = PBXBuildFile; fileRef = 43A0E8E829B25E8F00CBDDE2 /* Tela03VC.swift */; };
		43A0E8EC29B267D900CBDDE2 /* CustomTableViewCell.swift in Sources */ = {isa = PBXBuildFile; fileRef = 43A0E8EA29B267D900CBDDE2 /* CustomTableViewCell.swift */; };
		43A0E8ED29B267D900CBDDE2 /* CustomTableViewCell.xib in Resources */ = {isa = PBXBuildFile; fileRef = 43A0E8EB29B267D900CBDDE2 /* CustomTableViewCell.xib */; };
		43A0E8EF29B26F1100CBDDE2 /* Profile.swift in Sources */ = {isa = PBXBuildFile; fileRef = 43A0E8EE29B26F1100CBDDE2 /* Profile.swift */; };
/* End PBXBuildFile section */

/* Begin PBXFileReference section */
		43A0E8CD29B258CC00CBDDE2 /* 17. DesafioTabBar.app */ = {isa = PBXFileReference; explicitFileType = wrapper.application; includeInIndex = 0; path = "17. DesafioTabBar.app"; sourceTree = BUILT_PRODUCTS_DIR; };
		43A0E8D029B258CC00CBDDE2 /* AppDelegate.swift */ = {isa = PBXFileReference; lastKnownFileType = sourcecode.swift; path = AppDelegate.swift; sourceTree = "<group>"; };
		43A0E8D229B258CC00CBDDE2 /* SceneDelegate.swift */ = {isa = PBXFileReference; lastKnownFileType = sourcecode.swift; path = SceneDelegate.swift; sourceTree = "<group>"; };
		43A0E8D429B258CC00CBDDE2 /* Tela01VC.swift */ = {isa = PBXFileReference; lastKnownFileType = sourcecode.swift; path = Tela01VC.swift; sourceTree = "<group>"; };
		43A0E8D729B258CC00CBDDE2 /* Base */ = {isa = PBXFileReference; lastKnownFileType = file.storyboard; name = Base; path = Base.lproj/Main.storyboard; sourceTree = "<group>"; };
		43A0E8D929B258CE00CBDDE2 /* Assets.xcassets */ = {isa = PBXFileReference; lastKnownFileType = folder.assetcatalog; path = Assets.xcassets; sourceTree = "<group>"; };
		43A0E8DE29B258CE00CBDDE2 /* Info.plist */ = {isa = PBXFileReference; lastKnownFileType = text.plist.xml; path = Info.plist; sourceTree = "<group>"; };
		43A0E8E429B25C5C00CBDDE2 /* TabBarController.swift */ = {isa = PBXFileReference; lastKnownFileType = sourcecode.swift; path = TabBarController.swift; sourceTree = "<group>"; };
		43A0E8E629B25E8100CBDDE2 /* Tela02VC.swift */ = {isa = PBXFileReference; lastKnownFileType = sourcecode.swift; path = Tela02VC.swift; sourceTree = "<group>"; };
		43A0E8E829B25E8F00CBDDE2 /* Tela03VC.swift */ = {isa = PBXFileReference; lastKnownFileType = sourcecode.swift; path = Tela03VC.swift; sourceTree = "<group>"; };
		43A0E8EA29B267D900CBDDE2 /* CustomTableViewCell.swift */ = {isa = PBXFileReference; lastKnownFileType = sourcecode.swift; path = CustomTableViewCell.swift; sourceTree = "<group>"; };
		43A0E8EB29B267D900CBDDE2 /* CustomTableViewCell.xib */ = {isa = PBXFileReference; lastKnownFileType = file.xib; path = CustomTableViewCell.xib; sourceTree = "<group>"; };
		43A0E8EE29B26F1100CBDDE2 /* Profile.swift */ = {isa = PBXFileReference; lastKnownFileType = sourcecode.swift; path = Profile.swift; sourceTree = "<group>"; };
/* End PBXFileReference section */

/* Begin PBXFrameworksBuildPhase section */
		43A0E8CA29B258CC00CBDDE2 /* Frameworks */ = {
			isa = PBXFrameworksBuildPhase;
			buildActionMask = 2147483647;
			files = (
			);
			runOnlyForDeploymentPostprocessing = 0;
		};
/* End PBXFrameworksBuildPhase section */

/* Begin PBXGroup section */
		43A0E8C429B258CC00CBDDE2 = {
			isa = PBXGroup;
			children = (
				43A0E8CF29B258CC00CBDDE2 /* 17. DesafioTabBar */,
				43A0E8CE29B258CC00CBDDE2 /* Products */,
			);
			sourceTree = "<group>";
		};
		43A0E8CE29B258CC00CBDDE2 /* Products */ = {
			isa = PBXGroup;
			children = (
				43A0E8CD29B258CC00CBDDE2 /* 17. DesafioTabBar.app */,
			);
			name = Products;
			sourceTree = "<group>";
		};
		43A0E8CF29B258CC00CBDDE2 /* 17. DesafioTabBar */ = {
			isa = PBXGroup;
			children = (
				43A0E8F029B26F4E00CBDDE2 /* Model */,
				43A0E8F129B26F5C00CBDDE2 /* Cell */,
				43A0E8D029B258CC00CBDDE2 /* AppDelegate.swift */,
				43A0E8D229B258CC00CBDDE2 /* SceneDelegate.swift */,
				43A0E8E429B25C5C00CBDDE2 /* TabBarController.swift */,
				43A0E8D429B258CC00CBDDE2 /* Tela01VC.swift */,
				43A0E8E629B25E8100CBDDE2 /* Tela02VC.swift */,
				43A0E8E829B25E8F00CBDDE2 /* Tela03VC.swift */,
				43A0E8D629B258CC00CBDDE2 /* Main.storyboard */,
				43A0E8D929B258CE00CBDDE2 /* Assets.xcassets */,
				43A0E8DE29B258CE00CBDDE2 /* Info.plist */,
			);
			path = "17. DesafioTabBar";
			sourceTree = "<group>";
		};
		43A0E8F029B26F4E00CBDDE2 /* Model */ = {
			isa = PBXGroup;
			children = (
				43A0E8EE29B26F1100CBDDE2 /* Profile.swift */,
			);
			path = Model;
			sourceTree = "<group>";
		};
		43A0E8F129B26F5C00CBDDE2 /* Cell */ = {
			isa = PBXGroup;
			children = (
				43A0E8EA29B267D900CBDDE2 /* CustomTableViewCell.swift */,
				43A0E8EB29B267D900CBDDE2 /* CustomTableViewCell.xib */,
			);
			path = Cell;
			sourceTree = "<group>";
		};
/* End PBXGroup section */

/* Begin PBXNativeTarget section */
		43A0E8CC29B258CC00CBDDE2 /* 17. DesafioTabBar */ = {
			isa = PBXNativeTarget;
			buildConfigurationList = 43A0E8E129B258CE00CBDDE2 /* Build configuration list for PBXNativeTarget "17. DesafioTabBar" */;
			buildPhases = (
				43A0E8C929B258CC00CBDDE2 /* Sources */,
				43A0E8CA29B258CC00CBDDE2 /* Frameworks */,
				43A0E8CB29B258CC00CBDDE2 /* Resources */,
			);
			buildRules = (
			);
			dependencies = (
			);
			name = "17. DesafioTabBar";
			productName = "17. DesafioTabBar";
			productReference = 43A0E8CD29B258CC00CBDDE2 /* 17. DesafioTabBar.app */;
			productType = "com.apple.product-type.application";
		};
/* End PBXNativeTarget section */

/* Begin PBXProject section */
		43A0E8C529B258CC00CBDDE2 /* Project object */ = {
			isa = PBXProject;
			attributes = {
				BuildIndependentTargetsInParallel = 1;
				LastSwiftUpdateCheck = 1420;
				LastUpgradeCheck = 1420;
				TargetAttributes = {
					43A0E8CC29B258CC00CBDDE2 = {
						CreatedOnToolsVersion = 14.2;
					};
				};
			};
			buildConfigurationList = 43A0E8C829B258CC00CBDDE2 /* Build configuration list for PBXProject "17. DesafioTabBar" */;
			compatibilityVersion = "Xcode 14.0";
			developmentRegion = en;
			hasScannedForEncodings = 0;
			knownRegions = (
				en,
				Base,
			);
			mainGroup = 43A0E8C429B258CC00CBDDE2;
			productRefGroup = 43A0E8CE29B258CC00CBDDE2 /* Products */;
			projectDirPath = "";
			projectRoot = "";
			targets = (
				43A0E8CC29B258CC00CBDDE2 /* 17. DesafioTabBar */,
			);
		};
/* End PBXProject section */

/* Begin PBXResourcesBuildPhase section */
		43A0E8CB29B258CC00CBDDE2 /* Resources */ = {
			isa = PBXResourcesBuildPhase;
			buildActionMask = 2147483647;
			files = (
				43A0E8DA29B258CE00CBDDE2 /* Assets.xcassets in Resources */,
				43A0E8D829B258CC00CBDDE2 /* Main.storyboard in Resources */,
				43A0E8ED29B267D900CBDDE2 /* CustomTableViewCell.xib in Resources */,
			);
			runOnlyForDeploymentPostprocessing = 0;
		};
/* End PBXResourcesBuildPhase section */

/* Begin PBXSourcesBuildPhase section */
		43A0E8C929B258CC00CBDDE2 /* Sources */ = {
			isa = PBXSourcesBuildPhase;
			buildActionMask = 2147483647;
			files = (
				43A0E8D529B258CC00CBDDE2 /* Tela01VC.swift in Sources */,
				43A0E8EF29B26F1100CBDDE2 /* Profile.swift in Sources */,
				43A0E8E529B25C5C00CBDDE2 /* TabBarController.swift in Sources */,
				43A0E8E729B25E8100CBDDE2 /* Tela02VC.swift in Sources */,
				43A0E8EC29B267D900CBDDE2 /* CustomTableViewCell.swift in Sources */,
				43A0E8E929B25E8F00CBDDE2 /* Tela03VC.swift in Sources */,
				43A0E8D129B258CC00CBDDE2 /* AppDelegate.swift in Sources */,
				43A0E8D329B258CC00CBDDE2 /* SceneDelegate.swift in Sources */,
			);
			runOnlyForDeploymentPostprocessing = 0;
		};
/* End PBXSourcesBuildPhase section */

/* Begin PBXVariantGroup section */
		43A0E8D629B258CC00CBDDE2 /* Main.storyboard */ = {
			isa = PBXVariantGroup;
			children = (
				43A0E8D729B258CC00CBDDE2 /* Base */,
			);
			name = Main.storyboard;
			sourceTree = "<group>";
		};
/* End PBXVariantGroup section */

/* Begin XCBuildConfiguration section */
		43A0E8DF29B258CE00CBDDE2 /* Debug */ = {
			isa = XCBuildConfiguration;
			buildSettings = {
				ALWAYS_SEARCH_USER_PATHS = NO;
				CLANG_ANALYZER_NONNULL = YES;
				CLANG_ANALYZER_NUMBER_OBJECT_CONVERSION = YES_AGGRESSIVE;
				CLANG_CXX_LANGUAGE_STANDARD = "gnu++20";
				CLANG_ENABLE_MODULES = YES;
				CLANG_ENABLE_OBJC_ARC = YES;
				CLANG_ENABLE_OBJC_WEAK = YES;
				CLANG_WARN_BLOCK_CAPTURE_AUTORELEASING = YES;
				CLANG_WARN_BOOL_CONVERSION = YES;
				CLANG_WARN_COMMA = YES;
				CLANG_WARN_CONSTANT_CONVERSION = YES;
				CLANG_WARN_DEPRECATED_OBJC_IMPLEMENTATIONS = YES;
				CLANG_WARN_DIRECT_OBJC_ISA_USAGE = YES_ERROR;
				CLANG_WARN_DOCUMENTATION_COMMENTS = YES;
				CLANG_WARN_EMPTY_BODY = YES;
				CLANG_WARN_ENUM_CONVERSION = YES;
				CLANG_WARN_INFINITE_RECURSION = YES;
				CLANG_WARN_INT_CONVERSION = YES;
				CLANG_WARN_NON_LITERAL_NULL_CONVERSION = YES;
				CLANG_WARN_OBJC_IMPLICIT_RETAIN_SELF = YES;
				CLANG_WARN_OBJC_LITERAL_CONVERSION = YES;
				CLANG_WARN_OBJC_ROOT_CLASS = YES_ERROR;
				CLANG_WARN_QUOTED_INCLUDE_IN_FRAMEWORK_HEADER = YES;
				CLANG_WARN_RANGE_LOOP_ANALYSIS = YES;
				CLANG_WARN_STRICT_PROTOTYPES = YES;
				CLANG_WARN_SUSPICIOUS_MOVE = YES;
				CLANG_WARN_UNGUARDED_AVAILABILITY = YES_AGGRESSIVE;
				CLANG_WARN_UNREACHABLE_CODE = YES;
				CLANG_WARN__DUPLICATE_METHOD_MATCH = YES;
				COPY_PHASE_STRIP = NO;
				DEBUG_INFORMATION_FORMAT = dwarf;
				ENABLE_STRICT_OBJC_MSGSEND = YES;
				ENABLE_TESTABILITY = YES;
				GCC_C_LANGUAGE_STANDARD = gnu11;
				GCC_DYNAMIC_NO_PIC = NO;
				GCC_NO_COMMON_BLOCKS = YES;
				GCC_OPTIMIZATION_LEVEL = 0;
				GCC_PREPROCESSOR_DEFINITIONS = (
					"DEBUG=1",
					"$(inherited)",
				);
				GCC_WARN_64_TO_32_BIT_CONVERSION = YES;
				GCC_WARN_ABOUT_RETURN_TYPE = YES_ERROR;
				GCC_WARN_UNDECLARED_SELECTOR = YES;
				GCC_WARN_UNINITIALIZED_AUTOS = YES_AGGRESSIVE;
				GCC_WARN_UNUSED_FUNCTION = YES;
				GCC_WARN_UNUSED_VARIABLE = YES;
				IPHONEOS_DEPLOYMENT_TARGET = 16.2;
				MTL_ENABLE_DEBUG_INFO = INCLUDE_SOURCE;
				MTL_FAST_MATH = YES;
				ONLY_ACTIVE_ARCH = YES;
				SDKROOT = iphoneos;
				SWIFT_ACTIVE_COMPILATION_CONDITIONS = DEBUG;
				SWIFT_OPTIMIZATION_LEVEL = "-Onone";
			};
			name = Debug;
		};
		43A0E8E029B258CE00CBDDE2 /* Release */ = {
			isa = XCBuildConfiguration;
			buildSettings = {
				ALWAYS_SEARCH_USER_PATHS = NO;
				CLANG_ANALYZER_NONNULL = YES;
				CLANG_ANALYZER_NUMBER_OBJECT_CONVERSION = YES_AGGRESSIVE;
				CLANG_CXX_LANGUAGE_STANDARD = "gnu++20";
				CLANG_ENABLE_MODULES = YES;
				CLANG_ENABLE_OBJC_ARC = YES;
				CLANG_ENABLE_OBJC_WEAK = YES;
				CLANG_WARN_BLOCK_CAPTURE_AUTORELEASING = YES;
				CLANG_WARN_BOOL_CONVERSION = YES;
				CLANG_WARN_COMMA = YES;
				CLANG_WARN_CONSTANT_CONVERSION = YES;
				CLANG_WARN_DEPRECATED_OBJC_IMPLEMENTATIONS = YES;
				CLANG_WARN_DIRECT_OBJC_ISA_USAGE = YES_ERROR;
				CLANG_WARN_DOCUMENTATION_COMMENTS = YES;
				CLANG_WARN_EMPTY_BODY = YES;
				CLANG_WARN_ENUM_CONVERSION = YES;
				CLANG_WARN_INFINITE_RECURSION = YES;
				CLANG_WARN_INT_CONVERSION = YES;
				CLANG_WARN_NON_LITERAL_NULL_CONVERSION = YES;
				CLANG_WARN_OBJC_IMPLICIT_RETAIN_SELF = YES;
				CLANG_WARN_OBJC_LITERAL_CONVERSION = YES;
				CLANG_WARN_OBJC_ROOT_CLASS = YES_ERROR;
				CLANG_WARN_QUOTED_INCLUDE_IN_FRAMEWORK_HEADER = YES;
				CLANG_WARN_RANGE_LOOP_ANALYSIS = YES;
				CLANG_WARN_STRICT_PROTOTYPES = YES;
				CLANG_WARN_SUSPICIOUS_MOVE = YES;
				CLANG_WARN_UNGUARDED_AVAILABILITY = YES_AGGRESSIVE;
				CLANG_WARN_UNREACHABLE_CODE = YES;
				CLANG_WARN__DUPLICATE_METHOD_MATCH = YES;
				COPY_PHASE_STRIP = NO;
				DEBUG_INFORMATION_FORMAT = "dwarf-with-dsym";
				ENABLE_NS_ASSERTIONS = NO;
				ENABLE_STRICT_OBJC_MSGSEND = YES;
				GCC_C_LANGUAGE_STANDARD = gnu11;
				GCC_NO_COMMON_BLOCKS = YES;
				GCC_WARN_64_TO_32_BIT_CONVERSION = YES;
				GCC_WARN_ABOUT_RETURN_TYPE = YES_ERROR;
				GCC_WARN_UNDECLARED_SELECTOR = YES;
				GCC_WARN_UNINITIALIZED_AUTOS = YES_AGGRESSIVE;
				GCC_WARN_UNUSED_FUNCTION = YES;
				GCC_WARN_UNUSED_VARIABLE = YES;
				IPHONEOS_DEPLOYMENT_TARGET = 16.2;
				MTL_ENABLE_DEBUG_INFO = NO;
				MTL_FAST_MATH = YES;
				SDKROOT = iphoneos;
				SWIFT_COMPILATION_MODE = wholemodule;
				SWIFT_OPTIMIZATION_LEVEL = "-O";
				VALIDATE_PRODUCT = YES;
			};
			name = Release;
		};
		43A0E8E229B258CE00CBDDE2 /* Debug */ = {
			isa = XCBuildConfiguration;
			buildSettings = {
				ASSETCATALOG_COMPILER_APPICON_NAME = AppIcon;
				ASSETCATALOG_COMPILER_GLOBAL_ACCENT_COLOR_NAME = AccentColor;
				CODE_SIGN_STYLE = Automatic;
				CURRENT_PROJECT_VERSION = 1;
				GENERATE_INFOPLIST_FILE = YES;
				INFOPLIST_FILE = "17. DesafioTabBar/Info.plist";
				INFOPLIST_KEY_UIApplicationSupportsIndirectInputEvents = YES;
				INFOPLIST_KEY_UILaunchStoryboardName = LaunchScreen;
				INFOPLIST_KEY_UIMainStoryboardFile = Main;
				INFOPLIST_KEY_UISupportedInterfaceOrientations_iPad = "UIInterfaceOrientationPortrait UIInterfaceOrientationPortraitUpsideDown UIInterfaceOrientationLandscapeLeft UIInterfaceOrientationLandscapeRight";
				INFOPLIST_KEY_UISupportedInterfaceOrientations_iPhone = "UIInterfaceOrientationPortrait UIInterfaceOrientationLandscapeLeft UIInterfaceOrientationLandscapeRight";
				LD_RUNPATH_SEARCH_PATHS = (
					"$(inherited)",
					"@executable_path/Frameworks",
				);
				MARKETING_VERSION = 1.0;
				PRODUCT_BUNDLE_IDENTIFIER = "br.com.eduescaleira.-7--DesafioTabBar";
				PRODUCT_NAME = "$(TARGET_NAME)";
				SWIFT_EMIT_LOC_STRINGS = YES;
				SWIFT_VERSION = 5.0;
				TARGETED_DEVICE_FAMILY = "1,2";
			};
			name = Debug;
		};
		43A0E8E329B258CE00CBDDE2 /* Release */ = {
			isa = XCBuildConfiguration;
			buildSettings = {
				ASSETCATALOG_COMPILER_APPICON_NAME = AppIcon;
				ASSETCATALOG_COMPILER_GLOBAL_ACCENT_COLOR_NAME = AccentColor;
				CODE_SIGN_STYLE = Automatic;
				CURRENT_PROJECT_VERSION = 1;
				GENERATE_INFOPLIST_FILE = YES;
				INFOPLIST_FILE = "17. DesafioTabBar/Info.plist";
				INFOPLIST_KEY_UIApplicationSupportsIndirectInputEvents = YES;
				INFOPLIST_KEY_UILaunchStoryboardName = LaunchScreen;
				INFOPLIST_KEY_UIMainStoryboardFile = Main;
				INFOPLIST_KEY_UISupportedInterfaceOrientations_iPad = "UIInterfaceOrientationPortrait UIInterfaceOrientationPortraitUpsideDown UIInterfaceOrientationLandscapeLeft UIInterfaceOrientationLandscapeRight";
				INFOPLIST_KEY_UISupportedInterfaceOrientations_iPhone = "UIInterfaceOrientationPortrait UIInterfaceOrientationLandscapeLeft UIInterfaceOrientationLandscapeRight";
				LD_RUNPATH_SEARCH_PATHS = (
					"$(inherited)",
					"@executable_path/Frameworks",
				);
				MARKETING_VERSION = 1.0;
				PRODUCT_BUNDLE_IDENTIFIER = "br.com.eduescaleira.-7--DesafioTabBar";
				PRODUCT_NAME = "$(TARGET_NAME)";
				SWIFT_EMIT_LOC_STRINGS = YES;
				SWIFT_VERSION = 5.0;
				TARGETED_DEVICE_FAMILY = "1,2";
			};
			name = Release;
		};
/* End XCBuildConfiguration section */

/* Begin XCConfigurationList section */
		43A0E8C829B258CC00CBDDE2 /* Build configuration list for PBXProject "17. DesafioTabBar" */ = {
			isa = XCConfigurationList;
			buildConfigurations = (
				43A0E8DF29B258CE00CBDDE2 /* Debug */,
				43A0E8E029B258CE00CBDDE2 /* Release */,
			);
			defaultConfigurationIsVisible = 0;
			defaultConfigurationName = Release;
		};
		43A0E8E129B258CE00CBDDE2 /* Build configuration list for PBXNativeTarget "17. DesafioTabBar" */ = {
			isa = XCConfigurationList;
			buildConfigurations = (
				43A0E8E229B258CE00CBDDE2 /* Debug */,
				43A0E8E329B258CE00CBDDE2 /* Release */,
			);
			defaultConfigurationIsVisible = 0;
			defaultConfigurationName = Release;
		};
/* End XCConfigurationList section */
	};
	rootObject = 43A0E8C529B258CC00CBDDE2 /* Project object */;
}
